
Microsoft Visual Studio Solution File, Format Version 12.00
# Visual Studio Version 16
VisualStudioVersion = 16.0.29424.173
MinimumVisualStudioVersion = 10.0.40219.1
Project("{FAE04EC0-301F-11D3-BF4B-00C04F79EFBC}") = "LeadTime.Library", "LeadTime.Library\LeadTime.Library.csproj", "{A47ACB23-5710-4FB1-8317-8D26A32997D3}"
EndProject
Project("{FAE04EC0-301F-11D3-BF4B-00C04F79EFBC}") = "LeadTimes.Test", "LeadTimes.Test\LeadTimes.Test.csproj", "{FEC6C29E-A7BE-4FF6-A7FE-B6874D1158F1}"
EndProject
Global
	GlobalSection(SolutionConfigurationPlatforms) = preSolution
		Debug|Any CPU = Debug|Any CPU
		Release|Any CPU = Release|Any CPU
	EndGlobalSection
	GlobalSection(ProjectConfigurationPlatforms) = postSolution
		{A47ACB23-5710-4FB1-8317-8D26A32997D3}.Debug|Any CPU.ActiveCfg = Debug|Any CPU
		{A47ACB23-5710-4FB1-8317-8D26A32997D3}.Debug|Any CPU.Build.0 = Debug|Any CPU
		{A47ACB23-5710-4FB1-8317-8D26A32997D3}.Release|Any CPU.ActiveCfg = Release|Any CPU
		{A47ACB23-5710-4FB1-8317-8D26A32997D3}.Release|Any CPU.Build.0 = Release|Any CPU
		{FEC6C29E-A7BE-4FF6-A7FE-B6874D1158F1}.Debug|Any CPU.ActiveCfg = Debug|Any CPU
		{FEC6C29E-A7BE-4FF6-A7FE-B6874D1158F1}.Debug|Any CPU.Build.0 = Debug|Any CPU
		{FEC6C29E-A7BE-4FF6-A7FE-B6874D1158F1}.Release|Any CPU.ActiveCfg = Release|Any CPU
		{FEC6C29E-A7BE-4FF6-A7FE-B6874D1158F1}.Release|Any CPU.Build.0 = Release|Any CPU
	EndGlobalSection
	GlobalSection(SolutionProperties) = preSolution
		HideSolutionNode = FALSE
	EndGlobalSection
	GlobalSection(ExtensibilityGlobals) = postSolution
		SolutionGuid = {D58DB8F8-D1E2-44F6-A0E0-904FC8BB6C9D}
	EndGlobalSection
EndGlobal
